# This file is automatically @generated by Cargo.
# It is not intended for manual editing.
version = 4

[[package]]
name = "ribbon"
version = "0.1.0"
dependencies = [
 "ribbon_lexer",
 "ribbon_parser",
]

[[package]]
name = "ribbon_ast"
version = "0.1.0"
dependencies = [
 "ribbon_lexer",
]

[[package]]
name = "ribbon_lexer"
version = "0.1.0"

[[package]]
name = "ribbon_parser"
version = "0.1.0"
dependencies = [
 "ribbon_ast",
 "ribbon_lexer",
]
